// !$*UTF8*$!
{
	archiveVersion = 1;
	classes = {
	};
	objectVersion = 55;
	objects = {

/* Begin PBXBuildFile section */
		7F7DB1F8F889945C42E332EB /* Pods_DiamondDemo.framework in Frameworks */ = {isa = PBXBuildFile; fileRef = 0F9173A5516EFB1313BA98D0 /* Pods_DiamondDemo.framework */; };
		A51A58D427286D0E001E7519 /* Assets.xcassets in Resources */ = {isa = PBXBuildFile; fileRef = A51A58D327286D0E001E7519 /* Assets.xcassets */; };
		A51A58E2272871D1001E7519 /* SceneKit Asset Catalog.scnassets in Resources */ = {isa = PBXBuildFile; fileRef = A51A58E1272871D1001E7519 /* SceneKit Asset Catalog.scnassets */; };
		A51BCDCC2728777E002E3DDF /* Podfile in Resources */ = {isa = PBXBuildFile; fileRef = A51BCDCB2728777E002E3DDF /* Podfile */; };
		A51BCDD22728B04B002E3DDF /* ColorPalette.swift in Sources */ = {isa = PBXBuildFile; fileRef = A51BCDD12728B04B002E3DDF /* ColorPalette.swift */; };
		A51BCDD52728B061002E3DDF /* SimpleData.swift in Sources */ = {isa = PBXBuildFile; fileRef = A51BCDD42728B060002E3DDF /* SimpleData.swift */; };
		A51BCDD72728B06F002E3DDF /* ViewController.swift in Sources */ = {isa = PBXBuildFile; fileRef = A51BCDD62728B06E002E3DDF /* ViewController.swift */; };
		A51BCDD92728B071002E3DDF /* PieChartViewController.swift in Sources */ = {isa = PBXBuildFile; fileRef = A51BCDD82728B071002E3DDF /* PieChartViewController.swift */; };
		A51BCDDB2728B074002E3DDF /* LineChartViewController.swift in Sources */ = {isa = PBXBuildFile; fileRef = A51BCDDA2728B073002E3DDF /* LineChartViewController.swift */; };
		A51BCDDD2728B077002E3DDF /* BarChartViewController.swift in Sources */ = {isa = PBXBuildFile; fileRef = A51BCDDC2728B077002E3DDF /* BarChartViewController.swift */; };
		A57FA100272B12370045C182 /* AppDelegate.swift in Sources */ = {isa = PBXBuildFile; fileRef = A57FA0FF272B12370045C182 /* AppDelegate.swift */; };
/* End PBXBuildFile section */

/* Begin PBXFileReference section */
		0F9173A5516EFB1313BA98D0 /* Pods_DiamondDemo.framework */ = {isa = PBXFileReference; explicitFileType = wrapper.framework; includeInIndex = 0; path = Pods_DiamondDemo.framework; sourceTree = BUILT_PRODUCTS_DIR; };
		10E6B1AB3BC5B59A98278E9B /* Pods-DiamondDemo.release.xcconfig */ = {isa = PBXFileReference; includeInIndex = 1; lastKnownFileType = text.xcconfig; name = "Pods-DiamondDemo.release.xcconfig"; path = "Target Support Files/Pods-DiamondDemo/Pods-DiamondDemo.release.xcconfig"; sourceTree = "<group>"; };
		321CDFBB4D22881715386A26 /* Pods-DiamondDemo.debug.xcconfig */ = {isa = PBXFileReference; includeInIndex = 1; lastKnownFileType = text.xcconfig; name = "Pods-DiamondDemo.debug.xcconfig"; path = "Target Support Files/Pods-DiamondDemo/Pods-DiamondDemo.debug.xcconfig"; sourceTree = "<group>"; };
		A51A58CC27286D0C001E7519 /* DiamondDemo.app */ = {isa = PBXFileReference; explicitFileType = wrapper.application; includeInIndex = 0; path = DiamondDemo.app; sourceTree = BUILT_PRODUCTS_DIR; };
		A51A58D327286D0E001E7519 /* Assets.xcassets */ = {isa = PBXFileReference; lastKnownFileType = folder.assetcatalog; path = Assets.xcassets; sourceTree = "<group>"; };
		A51A58E1272871D1001E7519 /* SceneKit Asset Catalog.scnassets */ = {isa = PBXFileReference; lastKnownFileType = wrapper.scnassets; path = "SceneKit Asset Catalog.scnassets"; sourceTree = "<group>"; };
		A51BCDCB2728777E002E3DDF /* Podfile */ = {isa = PBXFileReference; lastKnownFileType = text; path = Podfile; sourceTree = "<group>"; };
		A51BCDD12728B04B002E3DDF /* ColorPalette.swift */ = {isa = PBXFileReference; lastKnownFileType = sourcecode.swift; path = ColorPalette.swift; sourceTree = "<group>"; };
		A51BCDD32728B04E002E3DDF /* GenericBoard.storyboard */ = {isa = PBXFileReference; lastKnownFileType = file.storyboard; path = GenericBoard.storyboard; sourceTree = "<group>"; };
		A51BCDD42728B060002E3DDF /* SimpleData.swift */ = {isa = PBXFileReference; lastKnownFileType = sourcecode.swift; path = SimpleData.swift; sourceTree = "<group>"; };
		A51BCDD62728B06E002E3DDF /* ViewController.swift */ = {isa = PBXFileReference; lastKnownFileType = sourcecode.swift; path = ViewController.swift; sourceTree = "<group>"; };
		A51BCDD82728B071002E3DDF /* PieChartViewController.swift */ = {isa = PBXFileReference; lastKnownFileType = sourcecode.swift; path = PieChartViewController.swift; sourceTree = "<group>"; };
		A51BCDDA2728B073002E3DDF /* LineChartViewController.swift */ = {isa = PBXFileReference; lastKnownFileType = sourcecode.swift; path = LineChartViewController.swift; sourceTree = "<group>"; };
		A51BCDDC2728B077002E3DDF /* BarChartViewController.swift */ = {isa = PBXFileReference; lastKnownFileType = sourcecode.swift; path = BarChartViewController.swift; sourceTree = "<group>"; };
		A57FA0FF272B12370045C182 /* AppDelegate.swift */ = {isa = PBXFileReference; lastKnownFileType = sourcecode.swift; path = AppDelegate.swift; sourceTree = "<group>"; };
/* End PBXFileReference section */

/* Begin PBXFrameworksBuildPhase section */
		A51A58C927286D0C001E7519 /* Frameworks */ = {
			isa = PBXFrameworksBuildPhase;
			buildActionMask = 2147483647;
			files = (
				7F7DB1F8F889945C42E332EB /* Pods_DiamondDemo.framework in Frameworks */,
			);
			runOnlyForDeploymentPostprocessing = 0;
		};
/* End PBXFrameworksBuildPhase section */

/* Begin PBXGroup section */
		A51A58C327286D0C001E7519 = {
			isa = PBXGroup;
			children = (
				A51A58CE27286D0C001E7519 /* DiamondDemo */,
				A51A58CD27286D0C001E7519 /* Products */,
				FE13441A39D95BD98A4A4DE0 /* Pods */,
				EB157E087E50B156419C1533 /* Frameworks */,
			);
			sourceTree = "<group>";
		};
		A51A58CD27286D0C001E7519 /* Products */ = {
			isa = PBXGroup;
			children = (
				A51A58CC27286D0C001E7519 /* DiamondDemo.app */,
			);
			name = Products;
			sourceTree = "<group>";
		};
		A51A58CE27286D0C001E7519 /* DiamondDemo */ = {
			isa = PBXGroup;
			children = (
				A51BCDCB2728777E002E3DDF /* Podfile */,
				A51BCDD12728B04B002E3DDF /* ColorPalette.swift */,
				A51BCDD42728B060002E3DDF /* SimpleData.swift */,
				A51BCDD62728B06E002E3DDF /* ViewController.swift */,
				A57FA0FF272B12370045C182 /* AppDelegate.swift */,
				A51BCDD82728B071002E3DDF /* PieChartViewController.swift */,
				A51BCDDC2728B077002E3DDF /* BarChartViewController.swift */,
				A51BCDDA2728B073002E3DDF /* LineChartViewController.swift */,
				A51BCDD32728B04E002E3DDF /* GenericBoard.storyboard */,
				A51A58D327286D0E001E7519 /* Assets.xcassets */,
				A51A58E1272871D1001E7519 /* SceneKit Asset Catalog.scnassets */,
			);
			path = DiamondDemo;
			sourceTree = "<group>";
		};
		EB157E087E50B156419C1533 /* Frameworks */ = {
			isa = PBXGroup;
			children = (
				0F9173A5516EFB1313BA98D0 /* Pods_DiamondDemo.framework */,
			);
			name = Frameworks;
			sourceTree = "<group>";
		};
		FE13441A39D95BD98A4A4DE0 /* Pods */ = {
			isa = PBXGroup;
			children = (
				321CDFBB4D22881715386A26 /* Pods-DiamondDemo.debug.xcconfig */,
				10E6B1AB3BC5B59A98278E9B /* Pods-DiamondDemo.release.xcconfig */,
			);
			path = Pods;
			sourceTree = "<group>";
		};
/* End PBXGroup section */

/* Begin PBXNativeTarget section */
		A51A58CB27286D0C001E7519 /* DiamondDemo */ = {
			isa = PBXNativeTarget;
			buildConfigurationList = A51A58DA27286D0E001E7519 /* Build configuration list for PBXNativeTarget "DiamondDemo" */;
			buildPhases = (
				A01D678BE4E8311BCC68D41E /* [CP] Check Pods Manifest.lock */,
				A51A58C827286D0C001E7519 /* Sources */,
				A51A58C927286D0C001E7519 /* Frameworks */,
				A51A58CA27286D0C001E7519 /* Resources */,
				A3C8FA3BAFC5081A073C2A62 /* [CP] Embed Pods Frameworks */,
			);
			buildRules = (
			);
			dependencies = (
			);
			name = DiamondDemo;
			productName = DiamondDemo;
			productReference = A51A58CC27286D0C001E7519 /* DiamondDemo.app */;
			productType = "com.apple.product-type.application";
		};
/* End PBXNativeTarget section */

/* Begin PBXProject section */
		A51A58C427286D0C001E7519 /* Project object */ = {
			isa = PBXProject;
			attributes = {
				BuildIndependentTargetsInParallel = 1;
				LastSwiftUpdateCheck = 1300;
				LastUpgradeCheck = 1300;
				TargetAttributes = {
					A51A58CB27286D0C001E7519 = {
						CreatedOnToolsVersion = 13.0;
					};
				};
			};
			buildConfigurationList = A51A58C727286D0C001E7519 /* Build configuration list for PBXProject "DiamondDemo" */;
			compatibilityVersion = "Xcode 13.0";
			developmentRegion = en;
			hasScannedForEncodings = 0;
			knownRegions = (
				en,
				Base,
			);
			mainGroup = A51A58C327286D0C001E7519;
			productRefGroup = A51A58CD27286D0C001E7519 /* Products */;
			projectDirPath = "";
			projectRoot = "";
			targets = (
				A51A58CB27286D0C001E7519 /* DiamondDemo */,
			);
		};
/* End PBXProject section */

/* Begin PBXResourcesBuildPhase section */
		A51A58CA27286D0C001E7519 /* Resources */ = {
			isa = PBXResourcesBuildPhase;
			buildActionMask = 2147483647;
			files = (
				A51BCDCC2728777E002E3DDF /* Podfile in Resources */,
				A51A58E2272871D1001E7519 /* SceneKit Asset Catalog.scnassets in Resources */,
				A51A58D427286D0E001E7519 /* Assets.xcassets in Resources */,
			);
			runOnlyForDeploymentPostprocessing = 0;
		};
/* End PBXResourcesBuildPhase section */

/* Begin PBXShellScriptBuildPhase section */
		A01D678BE4E8311BCC68D41E /* [CP] Check Pods Manifest.lock */ = {
			isa = PBXShellScriptBuildPhase;
			buildActionMask = 2147483647;
			files = (
			);
			inputFileListPaths = (
			);
			inputPaths = (
				"${PODS_PODFILE_DIR_PATH}/Podfile.lock",
				"${PODS_ROOT}/Manifest.lock",
			);
			name = "[CP] Check Pods Manifest.lock";
			outputFileListPaths = (
			);
			outputPaths = (
				"$(DERIVED_FILE_DIR)/Pods-DiamondDemo-checkManifestLockResult.txt",
			);
			runOnlyForDeploymentPostprocessing = 0;
			shellPath = /bin/sh;
			shellScript = "diff \"${PODS_PODFILE_DIR_PATH}/Podfile.lock\" \"${PODS_ROOT}/Manifest.lock\" > /dev/null\nif [ $? != 0 ] ; then\n    # print error to STDERR\n    echo \"error: The sandbox is not in sync with the Podfile.lock. Run 'pod install' or update your CocoaPods installation.\" >&2\n    exit 1\nfi\n# This output is used by Xcode 'outputs' to avoid re-running this script phase.\necho \"SUCCESS\" > \"${SCRIPT_OUTPUT_FILE_0}\"\n";
			showEnvVarsInLog = 0;
		};
		A3C8FA3BAFC5081A073C2A62 /* [CP] Embed Pods Frameworks */ = {
			isa = PBXShellScriptBuildPhase;
			buildActionMask = 2147483647;
			files = (
			);
			inputFileListPaths = (
				"${PODS_ROOT}/Target Support Files/Pods-DiamondDemo/Pods-DiamondDemo-frameworks-${CONFIGURATION}-input-files.xcfilelist",
			);
			name = "[CP] Embed Pods Frameworks";
			outputFileListPaths = (
				"${PODS_ROOT}/Target Support Files/Pods-DiamondDemo/Pods-DiamondDemo-frameworks-${CONFIGURATION}-output-files.xcfilelist",
			);
			runOnlyForDeploymentPostprocessing = 0;
			shellPath = /bin/sh;
			shellScript = "\"${PODS_ROOT}/Target Support Files/Pods-DiamondDemo/Pods-DiamondDemo-frameworks.sh\"\n";
			showEnvVarsInLog = 0;
		};
/* End PBXShellScriptBuildPhase section */

/* Begin PBXSourcesBuildPhase section */
		A51A58C827286D0C001E7519 /* Sources */ = {
			isa = PBXSourcesBuildPhase;
			buildActionMask = 2147483647;
			files = (
				A57FA100272B12370045C182 /* AppDelegate.swift in Sources */,
				A51BCDD92728B071002E3DDF /* PieChartViewController.swift in Sources */,
				A51BCDD72728B06F002E3DDF /* ViewController.swift in Sources */,
				A51BCDD22728B04B002E3DDF /* ColorPalette.swift in Sources */,
				A51BCDDD2728B077002E3DDF /* BarChartViewController.swift in Sources */,
				A51BCDDB2728B074002E3DDF /* LineChartViewController.swift in Sources */,
				A51BCDD52728B061002E3DDF /* SimpleData.swift in Sources */,
			);
			runOnlyForDeploymentPostprocessing = 0;
		};
/* End PBXSourcesBuildPhase section */

/* Begin XCBuildConfiguration section */
		A51A58D827286D0E001E7519 /* Debug */ = {
			isa = XCBuildConfiguration;
			buildSettings = {
				ALWAYS_SEARCH_USER_PATHS = NO;
				CLANG_ANALYZER_NONNULL = YES;
				CLANG_ANALYZER_NUMBER_OBJECT_CONVERSION = YES_AGGRESSIVE;
				CLANG_CXX_LANGUAGE_STANDARD = "gnu++17";
				CLANG_CXX_LIBRARY = "libc++";
				CLANG_ENABLE_MODULES = YES;
				CLANG_ENABLE_OBJC_ARC = YES;
				CLANG_ENABLE_OBJC_WEAK = YES;
				CLANG_WARN_BLOCK_CAPTURE_AUTORELEASING = YES;
				CLANG_WARN_BOOL_CONVERSION = YES;
				CLANG_WARN_COMMA = YES;
				CLANG_WARN_CONSTANT_CONVERSION = YES;
				CLANG_WARN_DEPRECATED_OBJC_IMPLEMENTATIONS = YES;
				CLANG_WARN_DIRECT_OBJC_ISA_USAGE = YES_ERROR;
				CLANG_WARN_DOCUMENTATION_COMMENTS = YES;
				CLANG_WARN_EMPTY_BODY = YES;
				CLANG_WARN_ENUM_CONVERSION = YES;
				CLANG_WARN_INFINITE_RECURSION = YES;
				CLANG_WARN_INT_CONVERSION = YES;
				CLANG_WARN_NON_LITERAL_NULL_CONVERSION = YES;
				CLANG_WARN_OBJC_IMPLICIT_RETAIN_SELF = YES;
				CLANG_WARN_OBJC_LITERAL_CONVERSION = YES;
				CLANG_WARN_OBJC_ROOT_CLASS = YES_ERROR;
				CLANG_WARN_QUOTED_INCLUDE_IN_FRAMEWORK_HEADER = YES;
				CLANG_WARN_RANGE_LOOP_ANALYSIS = YES;
				CLANG_WARN_STRICT_PROTOTYPES = YES;
				CLANG_WARN_SUSPICIOUS_MOVE = YES;
				CLANG_WARN_UNGUARDED_AVAILABILITY = YES_AGGRESSIVE;
				CLANG_WARN_UNREACHABLE_CODE = YES;
				CLANG_WARN__DUPLICATE_METHOD_MATCH = YES;
				COPY_PHASE_STRIP = NO;
				DEBUG_INFORMATION_FORMAT = dwarf;
				ENABLE_STRICT_OBJC_MSGSEND = YES;
				ENABLE_TESTABILITY = YES;
				GCC_C_LANGUAGE_STANDARD = gnu11;
				GCC_DYNAMIC_NO_PIC = NO;
				GCC_NO_COMMON_BLOCKS = YES;
				GCC_OPTIMIZATION_LEVEL = 0;
				GCC_PREPROCESSOR_DEFINITIONS = (
					"DEBUG=1",
					"$(inherited)",
				);
				GCC_WARN_64_TO_32_BIT_CONVERSION = YES;
				GCC_WARN_ABOUT_RETURN_TYPE = YES_ERROR;
				GCC_WARN_UNDECLARED_SELECTOR = YES;
				GCC_WARN_UNINITIALIZED_AUTOS = YES_AGGRESSIVE;
				GCC_WARN_UNUSED_FUNCTION = YES;
				GCC_WARN_UNUSED_VARIABLE = YES;
				IPHONEOS_DEPLOYMENT_TARGET = 15.0;
				MTL_ENABLE_DEBUG_INFO = INCLUDE_SOURCE;
				MTL_FAST_MATH = YES;
				ONLY_ACTIVE_ARCH = YES;
				SDKROOT = iphoneos;
				SWIFT_ACTIVE_COMPILATION_CONDITIONS = DEBUG;
				SWIFT_OPTIMIZATION_LEVEL = "-Onone";
			};
			name = Debug;
		};
		A51A58D927286D0E001E7519 /* Release */ = {
			isa = XCBuildConfiguration;
			buildSettings = {
				ALWAYS_SEARCH_USER_PATHS = NO;
				CLANG_ANALYZER_NONNULL = YES;
				CLANG_ANALYZER_NUMBER_OBJECT_CONVERSION = YES_AGGRESSIVE;
				CLANG_CXX_LANGUAGE_STANDARD = "gnu++17";
				CLANG_CXX_LIBRARY = "libc++";
				CLANG_ENABLE_MODULES = YES;
				CLANG_ENABLE_OBJC_ARC = YES;
				CLANG_ENABLE_OBJC_WEAK = YES;
				CLANG_WARN_BLOCK_CAPTURE_AUTORELEASING = YES;
				CLANG_WARN_BOOL_CONVERSION = YES;
				CLANG_WARN_COMMA = YES;
				CLANG_WARN_CONSTANT_CONVERSION = YES;
				CLANG_WARN_DEPRECATED_OBJC_IMPLEMENTATIONS = YES;
				CLANG_WARN_DIRECT_OBJC_ISA_USAGE = YES_ERROR;
				CLANG_WARN_DOCUMENTATION_COMMENTS = YES;
				CLANG_WARN_EMPTY_BODY = YES;
				CLANG_WARN_ENUM_CONVERSION = YES;
				CLANG_WARN_INFINITE_RECURSION = YES;
				CLANG_WARN_INT_CONVERSION = YES;
				CLANG_WARN_NON_LITERAL_NULL_CONVERSION = YES;
				CLANG_WARN_OBJC_IMPLICIT_RETAIN_SELF = YES;
				CLANG_WARN_OBJC_LITERAL_CONVERSION = YES;
				CLANG_WARN_OBJC_ROOT_CLASS = YES_ERROR;
				CLANG_WARN_QUOTED_INCLUDE_IN_FRAMEWORK_HEADER = YES;
				CLANG_WARN_RANGE_LOOP_ANALYSIS = YES;
				CLANG_WARN_STRICT_PROTOTYPES = YES;
				CLANG_WARN_SUSPICIOUS_MOVE = YES;
				CLANG_WARN_UNGUARDED_AVAILABILITY = YES_AGGRESSIVE;
				CLANG_WARN_UNREACHABLE_CODE = YES;
				CLANG_WARN__DUPLICATE_METHOD_MATCH = YES;
				COPY_PHASE_STRIP = NO;
				DEBUG_INFORMATION_FORMAT = "dwarf-with-dsym";
				ENABLE_NS_ASSERTIONS = NO;
				ENABLE_STRICT_OBJC_MSGSEND = YES;
				GCC_C_LANGUAGE_STANDARD = gnu11;
				GCC_NO_COMMON_BLOCKS = YES;
				GCC_WARN_64_TO_32_BIT_CONVERSION = YES;
				GCC_WARN_ABOUT_RETURN_TYPE = YES_ERROR;
				GCC_WARN_UNDECLARED_SELECTOR = YES;
				GCC_WARN_UNINITIALIZED_AUTOS = YES_AGGRESSIVE;
				GCC_WARN_UNUSED_FUNCTION = YES;
				GCC_WARN_UNUSED_VARIABLE = YES;
				IPHONEOS_DEPLOYMENT_TARGET = 15.0;
				MTL_ENABLE_DEBUG_INFO = NO;
				MTL_FAST_MATH = YES;
				SDKROOT = iphoneos;
				SWIFT_COMPILATION_MODE = wholemodule;
				SWIFT_OPTIMIZATION_LEVEL = "-O";
				VALIDATE_PRODUCT = YES;
			};
			name = Release;
		};
		A51A58DB27286D0E001E7519 /* Debug */ = {
			isa = XCBuildConfiguration;
			baseConfigurationReference = 321CDFBB4D22881715386A26 /* Pods-DiamondDemo.debug.xcconfig */;
			buildSettings = {
				ASSETCATALOG_COMPILER_APPICON_NAME = AppIcon;
				ASSETCATALOG_COMPILER_GLOBAL_ACCENT_COLOR_NAME = AccentColor;
				CODE_SIGN_STYLE = Automatic;
				CURRENT_PROJECT_VERSION = 1;
				DEVELOPMENT_ASSET_PATHS = "";
				DEVELOPMENT_TEAM = P2D982X73G;
				ENABLE_PREVIEWS = YES;
				GENERATE_INFOPLIST_FILE = YES;
				INFOPLIST_KEY_UIApplicationSceneManifest_Generation = YES;
				INFOPLIST_KEY_UIApplicationSupportsIndirectInputEvents = YES;
				INFOPLIST_KEY_UILaunchScreen_Generation = YES;
				INFOPLIST_KEY_UISupportedInterfaceOrientations_iPad = "UIInterfaceOrientationPortrait UIInterfaceOrientationPortraitUpsideDown UIInterfaceOrientationLandscapeLeft UIInterfaceOrientationLandscapeRight";
				INFOPLIST_KEY_UISupportedInterfaceOrientations_iPhone = "UIInterfaceOrientationPortrait UIInterfaceOrientationLandscapeLeft UIInterfaceOrientationLandscapeRight";
				IPHONEOS_DEPLOYMENT_TARGET = 14.0;
				LD_RUNPATH_SEARCH_PATHS = (
					"$(inherited)",
					"@executable_path/Frameworks",
				);
				MARKETING_VERSION = 1.0;
				PRODUCT_BUNDLE_IDENTIFIER = LeeannWarren.DiamondDemo;
				PRODUCT_NAME = "$(TARGET_NAME)";
				SWIFT_EMIT_LOC_STRINGS = YES;
				SWIFT_VERSION = 5.0;
				TARGETED_DEVICE_FAMILY = "1,2";
			};
			name = Debug;
		};
		A51A58DC27286D0E001E7519 /* Release */ = {
			isa = XCBuildConfiguration;
			baseConfigurationReference = 10E6B1AB3BC5B59A98278E9B /* Pods-DiamondDemo.release.xcconfig */;
			buildSettings = {
				ASSETCATALOG_COMPILER_APPICON_NAME = AppIcon;
				ASSETCATALOG_COMPILER_GLOBAL_ACCENT_COLOR_NAME = AccentColor;
				CODE_SIGN_STYLE = Automatic;
				CURRENT_PROJECT_VERSION = 1;
				DEVELOPMENT_ASSET_PATHS = "";
				DEVELOPMENT_TEAM = P2D982X73G;
				ENABLE_PREVIEWS = YES;
				GENERATE_INFOPLIST_FILE = YES;
				INFOPLIST_KEY_UIApplicationSceneManifest_Generation = YES;
				INFOPLIST_KEY_UIApplicationSupportsIndirectInputEvents = YES;
				INFOPLIST_KEY_UILaunchScreen_Generation = YES;
				INFOPLIST_KEY_UISupportedInterfaceOrientations_iPad = "UIInterfaceOrientationPortrait UIInterfaceOrientationPortraitUpsideDown UIInterfaceOrientationLandscapeLeft UIInterfaceOrientationLandscapeRight";
				INFOPLIST_KEY_UISupportedInterfaceOrientations_iPhone = "UIInterfaceOrientationPortrait UIInterfaceOrientationLandscapeLeft UIInterfaceOrientationLandscapeRight";
				IPHONEOS_DEPLOYMENT_TARGET = 14.0;
				LD_RUNPATH_SEARCH_PATHS = (
					"$(inherited)",
					"@executable_path/Frameworks",
				);
				MARKETING_VERSION = 1.0;
				PRODUCT_BUNDLE_IDENTIFIER = LeeannWarren.DiamondDemo;
				PRODUCT_NAME = "$(TARGET_NAME)";
				SWIFT_EMIT_LOC_STRINGS = YES;
				SWIFT_VERSION = 5.0;
				TARGETED_DEVICE_FAMILY = "1,2";
			};
			name = Release;
		};
/* End XCBuildConfiguration section */

/* Begin XCConfigurationList section */
		A51A58C727286D0C001E7519 /* Build configuration list for PBXProject "DiamondDemo" */ = {
			isa = XCConfigurationList;
			buildConfigurations = (
				A51A58D827286D0E001E7519 /* Debug */,
				A51A58D927286D0E001E7519 /* Release */,
			);
			defaultConfigurationIsVisible = 0;
			defaultConfigurationName = Release;
		};
		A51A58DA27286D0E001E7519 /* Build configuration list for PBXNativeTarget "DiamondDemo" */ = {
			isa = XCConfigurationList;
			buildConfigurations = (
				A51A58DB27286D0E001E7519 /* Debug */,
				A51A58DC27286D0E001E7519 /* Release */,
			);
			defaultConfigurationIsVisible = 0;
			defaultConfigurationName = Release;
		};
/* End XCConfigurationList section */
	};
	rootObject = A51A58C427286D0C001E7519 /* Project object */;
}
