// !$*UTF8*$!
{
	archiveVersion = 1;
	classes = {
	};
	objectVersion = 55;
	objects = {

/* Begin PBXBuildFile section */
		A51A58D027286D0C001E7519 /* DiamondDemoApp.swift in Sources */ = {isa = PBXBuildFile; fileRef = A51A58CF27286D0C001E7519 /* DiamondDemoApp.swift */; };
		A51A58D227286D0C001E7519 /* ContentView.swift in Sources */ = {isa = PBXBuildFile; fileRef = A51A58D127286D0C001E7519 /* ContentView.swift */; };
		A51A58D427286D0E001E7519 /* Assets.xcassets in Resources */ = {isa = PBXBuildFile; fileRef = A51A58D327286D0E001E7519 /* Assets.xcassets */; };
		A51A58D727286D0E001E7519 /* Preview Assets.xcassets in Resources */ = {isa = PBXBuildFile; fileRef = A51A58D627286D0E001E7519 /* Preview Assets.xcassets */; };
		A51A58E2272871D1001E7519 /* SceneKit Asset Catalog.scnassets in Resources */ = {isa = PBXBuildFile; fileRef = A51A58E1272871D1001E7519 /* SceneKit Asset Catalog.scnassets */; };
		A51A58E4272871F3001E7519 /* UI in Resources */ = {isa = PBXBuildFile; fileRef = A51A58E3272871F3001E7519 /* UI */; };
		A51A58E627287205001E7519 /* Data Models in Resources */ = {isa = PBXBuildFile; fileRef = A51A58E527287205001E7519 /* Data Models */; };
		A51BCDCC2728777E002E3DDF /* Podfile in Resources */ = {isa = PBXBuildFile; fileRef = A51BCDCB2728777E002E3DDF /* Podfile */; };
		A51BCDCE272878D8002E3DDF /* Charts in Resources */ = {isa = PBXBuildFile; fileRef = A51BCDCD272878D8002E3DDF /* Charts */; };
/* End PBXBuildFile section */

/* Begin PBXFileReference section */
		A51A58CC27286D0C001E7519 /* DiamondDemo.app */ = {isa = PBXFileReference; explicitFileType = wrapper.application; includeInIndex = 0; path = DiamondDemo.app; sourceTree = BUILT_PRODUCTS_DIR; };
		A51A58CF27286D0C001E7519 /* DiamondDemoApp.swift */ = {isa = PBXFileReference; lastKnownFileType = sourcecode.swift; path = DiamondDemoApp.swift; sourceTree = "<group>"; };
		A51A58D127286D0C001E7519 /* ContentView.swift */ = {isa = PBXFileReference; lastKnownFileType = sourcecode.swift; path = ContentView.swift; sourceTree = "<group>"; };
		A51A58D327286D0E001E7519 /* Assets.xcassets */ = {isa = PBXFileReference; lastKnownFileType = folder.assetcatalog; path = Assets.xcassets; sourceTree = "<group>"; };
		A51A58D627286D0E001E7519 /* Preview Assets.xcassets */ = {isa = PBXFileReference; lastKnownFileType = folder.assetcatalog; path = "Preview Assets.xcassets"; sourceTree = "<group>"; };
		A51A58E1272871D1001E7519 /* SceneKit Asset Catalog.scnassets */ = {isa = PBXFileReference; lastKnownFileType = wrapper.scnassets; path = "SceneKit Asset Catalog.scnassets"; sourceTree = "<group>"; };
		A51A58E3272871F3001E7519 /* UI */ = {isa = PBXFileReference; lastKnownFileType = folder; path = UI; sourceTree = "<group>"; };
		A51A58E527287205001E7519 /* Data Models */ = {isa = PBXFileReference; lastKnownFileType = folder; path = "Data Models"; sourceTree = "<group>"; };
		A51BCDCB2728777E002E3DDF /* Podfile */ = {isa = PBXFileReference; lastKnownFileType = text; path = Podfile; sourceTree = "<group>"; };
		A51BCDCD272878D8002E3DDF /* Charts */ = {isa = PBXFileReference; lastKnownFileType = folder; name = Charts; path = DiamondDemo/Charts; sourceTree = "<group>"; };
/* End PBXFileReference section */

/* Begin PBXFrameworksBuildPhase section */
		A51A58C927286D0C001E7519 /* Frameworks */ = {
			isa = PBXFrameworksBuildPhase;
			buildActionMask = 2147483647;
			files = (
			);
			runOnlyForDeploymentPostprocessing = 0;
		};
/* End PBXFrameworksBuildPhase section */

/* Begin PBXGroup section */
		A51A58C327286D0C001E7519 = {
			isa = PBXGroup;
			children = (
				A51BCDCB2728777E002E3DDF /* Podfile */,
				A51BCDCD272878D8002E3DDF /* Charts */,
				A51A58CE27286D0C001E7519 /* DiamondDemo */,
				A51A58CD27286D0C001E7519 /* Products */,
			);
			sourceTree = "<group>";
		};
		A51A58CD27286D0C001E7519 /* Products */ = {
			isa = PBXGroup;
			children = (
				A51A58CC27286D0C001E7519 /* DiamondDemo.app */,
			);
			name = Products;
			sourceTree = "<group>";
		};
		A51A58CE27286D0C001E7519 /* DiamondDemo */ = {
			isa = PBXGroup;
			children = (
				A51A58E527287205001E7519 /* Data Models */,
				A51A58E3272871F3001E7519 /* UI */,
				A51A58CF27286D0C001E7519 /* DiamondDemoApp.swift */,
				A51A58D127286D0C001E7519 /* ContentView.swift */,
				A51A58D327286D0E001E7519 /* Assets.xcassets */,
				A51A58D527286D0E001E7519 /* Preview Content */,
				A51A58E1272871D1001E7519 /* SceneKit Asset Catalog.scnassets */,
			);
			path = DiamondDemo;
			sourceTree = "<group>";
		};
		A51A58D527286D0E001E7519 /* Preview Content */ = {
			isa = PBXGroup;
			children = (
				A51A58D627286D0E001E7519 /* Preview Assets.xcassets */,
			);
			path = "Preview Content";
			sourceTree = "<group>";
		};
/* End PBXGroup section */

/* Begin PBXNativeTarget section */
		A51A58CB27286D0C001E7519 /* DiamondDemo */ = {
			isa = PBXNativeTarget;
			buildConfigurationList = A51A58DA27286D0E001E7519 /* Build configuration list for PBXNativeTarget "DiamondDemo" */;
			buildPhases = (
				A51A58C827286D0C001E7519 /* Sources */,
				A51A58C927286D0C001E7519 /* Frameworks */,
				A51A58CA27286D0C001E7519 /* Resources */,
			);
			buildRules = (
			);
			dependencies = (
			);
			name = DiamondDemo;
			productName = DiamondDemo;
			productReference = A51A58CC27286D0C001E7519 /* DiamondDemo.app */;
			productType = "com.apple.product-type.application";
		};
/* End PBXNativeTarget section */

/* Begin PBXProject section */
		A51A58C427286D0C001E7519 /* Project object */ = {
			isa = PBXProject;
			attributes = {
				BuildIndependentTargetsInParallel = 1;
				LastSwiftUpdateCheck = 1300;
				LastUpgradeCheck = 1300;
				TargetAttributes = {
					A51A58CB27286D0C001E7519 = {
						CreatedOnToolsVersion = 13.0;
					};
				};
			};
			buildConfigurationList = A51A58C727286D0C001E7519 /* Build configuration list for PBXProject "DiamondDemo" */;
			compatibilityVersion = "Xcode 13.0";
			developmentRegion = en;
			hasScannedForEncodings = 0;
			knownRegions = (
				en,
				Base,
			);
			mainGroup = A51A58C327286D0C001E7519;
			productRefGroup = A51A58CD27286D0C001E7519 /* Products */;
			projectDirPath = "";
			projectRoot = "";
			targets = (
				A51A58CB27286D0C001E7519 /* DiamondDemo */,
			);
		};
/* End PBXProject section */

/* Begin PBXResourcesBuildPhase section */
		A51A58CA27286D0C001E7519 /* Resources */ = {
			isa = PBXResourcesBuildPhase;
			buildActionMask = 2147483647;
			files = (
				A51BCDCC2728777E002E3DDF /* Podfile in Resources */,
				A51A58E4272871F3001E7519 /* UI in Resources */,
				A51BCDCE272878D8002E3DDF /* Charts in Resources */,
				A51A58E627287205001E7519 /* Data Models in Resources */,
				A51A58D727286D0E001E7519 /* Preview Assets.xcassets in Resources */,
				A51A58E2272871D1001E7519 /* SceneKit Asset Catalog.scnassets in Resources */,
				A51A58D427286D0E001E7519 /* Assets.xcassets in Resources */,
			);
			runOnlyForDeploymentPostprocessing = 0;
		};
/* End PBXResourcesBuildPhase section */

/* Begin PBXSourcesBuildPhase section */
		A51A58C827286D0C001E7519 /* Sources */ = {
			isa = PBXSourcesBuildPhase;
			buildActionMask = 2147483647;
			files = (
				A51A58D227286D0C001E7519 /* ContentView.swift in Sources */,
				A51A58D027286D0C001E7519 /* DiamondDemoApp.swift in Sources */,
			);
			runOnlyForDeploymentPostprocessing = 0;
		};
/* End PBXSourcesBuildPhase section */

/* Begin XCBuildConfiguration section */
		A51A58D827286D0E001E7519 /* Debug */ = {
			isa = XCBuildConfiguration;
			buildSettings = {
				ALWAYS_SEARCH_USER_PATHS = NO;
				CLANG_ANALYZER_NONNULL = YES;
				CLANG_ANALYZER_NUMBER_OBJECT_CONVERSION = YES_AGGRESSIVE;
				CLANG_CXX_LANGUAGE_STANDARD = "gnu++17";
				CLANG_CXX_LIBRARY = "libc++";
				CLANG_ENABLE_MODULES = YES;
				CLANG_ENABLE_OBJC_ARC = YES;
				CLANG_ENABLE_OBJC_WEAK = YES;
				CLANG_WARN_BLOCK_CAPTURE_AUTORELEASING = YES;
				CLANG_WARN_BOOL_CONVERSION = YES;
				CLANG_WARN_COMMA = YES;
				CLANG_WARN_CONSTANT_CONVERSION = YES;
				CLANG_WARN_DEPRECATED_OBJC_IMPLEMENTATIONS = YES;
				CLANG_WARN_DIRECT_OBJC_ISA_USAGE = YES_ERROR;
				CLANG_WARN_DOCUMENTATION_COMMENTS = YES;
				CLANG_WARN_EMPTY_BODY = YES;
				CLANG_WARN_ENUM_CONVERSION = YES;
				CLANG_WARN_INFINITE_RECURSION = YES;
				CLANG_WARN_INT_CONVERSION = YES;
				CLANG_WARN_NON_LITERAL_NULL_CONVERSION = YES;
				CLANG_WARN_OBJC_IMPLICIT_RETAIN_SELF = YES;
				CLANG_WARN_OBJC_LITERAL_CONVERSION = YES;
				CLANG_WARN_OBJC_ROOT_CLASS = YES_ERROR;
				CLANG_WARN_QUOTED_INCLUDE_IN_FRAMEWORK_HEADER = YES;
				CLANG_WARN_RANGE_LOOP_ANALYSIS = YES;
				CLANG_WARN_STRICT_PROTOTYPES = YES;
				CLANG_WARN_SUSPICIOUS_MOVE = YES;
				CLANG_WARN_UNGUARDED_AVAILABILITY = YES_AGGRESSIVE;
				CLANG_WARN_UNREACHABLE_CODE = YES;
				CLANG_WARN__DUPLICATE_METHOD_MATCH = YES;
				COPY_PHASE_STRIP = NO;
				DEBUG_INFORMATION_FORMAT = dwarf;
				ENABLE_STRICT_OBJC_MSGSEND = YES;
				ENABLE_TESTABILITY = YES;
				GCC_C_LANGUAGE_STANDARD = gnu11;
				GCC_DYNAMIC_NO_PIC = NO;
				GCC_NO_COMMON_BLOCKS = YES;
				GCC_OPTIMIZATION_LEVEL = 0;
				GCC_PREPROCESSOR_DEFINITIONS = (
					"DEBUG=1",
					"$(inherited)",
				);
				GCC_WARN_64_TO_32_BIT_CONVERSION = YES;
				GCC_WARN_ABOUT_RETURN_TYPE = YES_ERROR;
				GCC_WARN_UNDECLARED_SELECTOR = YES;
				GCC_WARN_UNINITIALIZED_AUTOS = YES_AGGRESSIVE;
				GCC_WARN_UNUSED_FUNCTION = YES;
				GCC_WARN_UNUSED_VARIABLE = YES;
				IPHONEOS_DEPLOYMENT_TARGET = 15.0;
				MTL_ENABLE_DEBUG_INFO = INCLUDE_SOURCE;
				MTL_FAST_MATH = YES;
				ONLY_ACTIVE_ARCH = YES;
				SDKROOT = iphoneos;
				SWIFT_ACTIVE_COMPILATION_CONDITIONS = DEBUG;
				SWIFT_OPTIMIZATION_LEVEL = "-Onone";
			};
			name = Debug;
		};
		A51A58D927286D0E001E7519 /* Release */ = {
			isa = XCBuildConfiguration;
			buildSettings = {
				ALWAYS_SEARCH_USER_PATHS = NO;
				CLANG_ANALYZER_NONNULL = YES;
				CLANG_ANALYZER_NUMBER_OBJECT_CONVERSION = YES_AGGRESSIVE;
				CLANG_CXX_LANGUAGE_STANDARD = "gnu++17";
				CLANG_CXX_LIBRARY = "libc++";
				CLANG_ENABLE_MODULES = YES;
				CLANG_ENABLE_OBJC_ARC = YES;
				CLANG_ENABLE_OBJC_WEAK = YES;
				CLANG_WARN_BLOCK_CAPTURE_AUTORELEASING = YES;
				CLANG_WARN_BOOL_CONVERSION = YES;
				CLANG_WARN_COMMA = YES;
				CLANG_WARN_CONSTANT_CONVERSION = YES;
				CLANG_WARN_DEPRECATED_OBJC_IMPLEMENTATIONS = YES;
				CLANG_WARN_DIRECT_OBJC_ISA_USAGE = YES_ERROR;
				CLANG_WARN_DOCUMENTATION_COMMENTS = YES;
				CLANG_WARN_EMPTY_BODY = YES;
				CLANG_WARN_ENUM_CONVERSION = YES;
				CLANG_WARN_INFINITE_RECURSION = YES;
				CLANG_WARN_INT_CONVERSION = YES;
				CLANG_WARN_NON_LITERAL_NULL_CONVERSION = YES;
				CLANG_WARN_OBJC_IMPLICIT_RETAIN_SELF = YES;
				CLANG_WARN_OBJC_LITERAL_CONVERSION = YES;
				CLANG_WARN_OBJC_ROOT_CLASS = YES_ERROR;
				CLANG_WARN_QUOTED_INCLUDE_IN_FRAMEWORK_HEADER = YES;
				CLANG_WARN_RANGE_LOOP_ANALYSIS = YES;
				CLANG_WARN_STRICT_PROTOTYPES = YES;
				CLANG_WARN_SUSPICIOUS_MOVE = YES;
				CLANG_WARN_UNGUARDED_AVAILABILITY = YES_AGGRESSIVE;
				CLANG_WARN_UNREACHABLE_CODE = YES;
				CLANG_WARN__DUPLICATE_METHOD_MATCH = YES;
				COPY_PHASE_STRIP = NO;
				DEBUG_INFORMATION_FORMAT = "dwarf-with-dsym";
				ENABLE_NS_ASSERTIONS = NO;
				ENABLE_STRICT_OBJC_MSGSEND = YES;
				GCC_C_LANGUAGE_STANDARD = gnu11;
				GCC_NO_COMMON_BLOCKS = YES;
				GCC_WARN_64_TO_32_BIT_CONVERSION = YES;
				GCC_WARN_ABOUT_RETURN_TYPE = YES_ERROR;
				GCC_WARN_UNDECLARED_SELECTOR = YES;
				GCC_WARN_UNINITIALIZED_AUTOS = YES_AGGRESSIVE;
				GCC_WARN_UNUSED_FUNCTION = YES;
				GCC_WARN_UNUSED_VARIABLE = YES;
				IPHONEOS_DEPLOYMENT_TARGET = 15.0;
				MTL_ENABLE_DEBUG_INFO = NO;
				MTL_FAST_MATH = YES;
				SDKROOT = iphoneos;
				SWIFT_COMPILATION_MODE = wholemodule;
				SWIFT_OPTIMIZATION_LEVEL = "-O";
				VALIDATE_PRODUCT = YES;
			};
			name = Release;
		};
		A51A58DB27286D0E001E7519 /* Debug */ = {
			isa = XCBuildConfiguration;
			buildSettings = {
				ASSETCATALOG_COMPILER_APPICON_NAME = AppIcon;
				ASSETCATALOG_COMPILER_GLOBAL_ACCENT_COLOR_NAME = AccentColor;
				CODE_SIGN_STYLE = Automatic;
				CURRENT_PROJECT_VERSION = 1;
				DEVELOPMENT_ASSET_PATHS = "\"DiamondDemo/Preview Content\"";
				DEVELOPMENT_TEAM = P2D982X73G;
				ENABLE_PREVIEWS = YES;
				GENERATE_INFOPLIST_FILE = YES;
				INFOPLIST_KEY_UIApplicationSceneManifest_Generation = YES;
				INFOPLIST_KEY_UIApplicationSupportsIndirectInputEvents = YES;
				INFOPLIST_KEY_UILaunchScreen_Generation = YES;
				INFOPLIST_KEY_UISupportedInterfaceOrientations_iPad = "UIInterfaceOrientationPortrait UIInterfaceOrientationPortraitUpsideDown UIInterfaceOrientationLandscapeLeft UIInterfaceOrientationLandscapeRight";
				INFOPLIST_KEY_UISupportedInterfaceOrientations_iPhone = "UIInterfaceOrientationPortrait UIInterfaceOrientationLandscapeLeft UIInterfaceOrientationLandscapeRight";
				IPHONEOS_DEPLOYMENT_TARGET = 14.0;
				LD_RUNPATH_SEARCH_PATHS = (
					"$(inherited)",
					"@executable_path/Frameworks",
				);
				MARKETING_VERSION = 1.0;
				PRODUCT_BUNDLE_IDENTIFIER = LeeannWarren.DiamondDemo;
				PRODUCT_NAME = "$(TARGET_NAME)";
				SWIFT_EMIT_LOC_STRINGS = YES;
				SWIFT_VERSION = 5.0;
				TARGETED_DEVICE_FAMILY = "1,2";
			};
			name = Debug;
		};
		A51A58DC27286D0E001E7519 /* Release */ = {
			isa = XCBuildConfiguration;
			buildSettings = {
				ASSETCATALOG_COMPILER_APPICON_NAME = AppIcon;
				ASSETCATALOG_COMPILER_GLOBAL_ACCENT_COLOR_NAME = AccentColor;
				CODE_SIGN_STYLE = Automatic;
				CURRENT_PROJECT_VERSION = 1;
				DEVELOPMENT_ASSET_PATHS = "\"DiamondDemo/Preview Content\"";
				DEVELOPMENT_TEAM = P2D982X73G;
				ENABLE_PREVIEWS = YES;
				GENERATE_INFOPLIST_FILE = YES;
				INFOPLIST_KEY_UIApplicationSceneManifest_Generation = YES;
				INFOPLIST_KEY_UIApplicationSupportsIndirectInputEvents = YES;
				INFOPLIST_KEY_UILaunchScreen_Generation = YES;
				INFOPLIST_KEY_UISupportedInterfaceOrientations_iPad = "UIInterfaceOrientationPortrait UIInterfaceOrientationPortraitUpsideDown UIInterfaceOrientationLandscapeLeft UIInterfaceOrientationLandscapeRight";
				INFOPLIST_KEY_UISupportedInterfaceOrientations_iPhone = "UIInterfaceOrientationPortrait UIInterfaceOrientationLandscapeLeft UIInterfaceOrientationLandscapeRight";
				IPHONEOS_DEPLOYMENT_TARGET = 14.0;
				LD_RUNPATH_SEARCH_PATHS = (
					"$(inherited)",
					"@executable_path/Frameworks",
				);
				MARKETING_VERSION = 1.0;
				PRODUCT_BUNDLE_IDENTIFIER = LeeannWarren.DiamondDemo;
				PRODUCT_NAME = "$(TARGET_NAME)";
				SWIFT_EMIT_LOC_STRINGS = YES;
				SWIFT_VERSION = 5.0;
				TARGETED_DEVICE_FAMILY = "1,2";
			};
			name = Release;
		};
/* End XCBuildConfiguration section */

/* Begin XCConfigurationList section */
		A51A58C727286D0C001E7519 /* Build configuration list for PBXProject "DiamondDemo" */ = {
			isa = XCConfigurationList;
			buildConfigurations = (
				A51A58D827286D0E001E7519 /* Debug */,
				A51A58D927286D0E001E7519 /* Release */,
			);
			defaultConfigurationIsVisible = 0;
			defaultConfigurationName = Release;
		};
		A51A58DA27286D0E001E7519 /* Build configuration list for PBXNativeTarget "DiamondDemo" */ = {
			isa = XCConfigurationList;
			buildConfigurations = (
				A51A58DB27286D0E001E7519 /* Debug */,
				A51A58DC27286D0E001E7519 /* Release */,
			);
			defaultConfigurationIsVisible = 0;
			defaultConfigurationName = Release;
		};
/* End XCConfigurationList section */
	};
	rootObject = A51A58C427286D0C001E7519 /* Project object */;
}
